
Microsoft Visual Studio Solution File, Format Version 12.00
# Visual Studio Version 16
VisualStudioVersion = 16.0.30611.23
MinimumVisualStudioVersion = 10.0.40219.1
Project("{FAE04EC0-301F-11D3-BF4B-00C04F79EFBC}") = "NotebookApp", "NotebookApp\NotebookApp.csproj", "{DD881D09-2C12-4549-A13A-FE871C63F294}"
EndProject
Global
	GlobalSection(SolutionConfigurationPlatforms) = preSolution
		Debug|Any CPU = Debug|Any CPU
		Release|Any CPU = Release|Any CPU
	EndGlobalSection
	GlobalSection(ProjectConfigurationPlatforms) = postSolution
		{DD881D09-2C12-4549-A13A-FE871C63F294}.Debug|Any CPU.ActiveCfg = Debug|Any CPU
		{DD881D09-2C12-4549-A13A-FE871C63F294}.Debug|Any CPU.Build.0 = Debug|Any CPU
		{DD881D09-2C12-4549-A13A-FE871C63F294}.Release|Any CPU.ActiveCfg = Release|Any CPU
		{DD881D09-2C12-4549-A13A-FE871C63F294}.Release|Any CPU.Build.0 = Release|Any CPU
	EndGlobalSection
	GlobalSection(SolutionProperties) = preSolution
		HideSolutionNode = FALSE
	EndGlobalSection
	GlobalSection(ExtensibilityGlobals) = postSolution
		SolutionGuid = {595CA4FA-FE05-4323-8697-940D5228C2D8}
	EndGlobalSection
EndGlobal
